
Microsoft Visual Studio Solution File, Format Version 12.00
# Visual Studio Version 17
VisualStudioVersion = 17.6.33829.357
MinimumVisualStudioVersion = 10.0.40219.1
Project("{FAE04EC0-301F-11D3-BF4B-00C04F79EFBC}") = "ECommerce_App", "ECommerce_App\ECommerce_App.csproj", "{DDB5DC1C-43DD-44E6-8E76-BC901EE7818D}"
EndProject
Project("{FAE04EC0-301F-11D3-BF4B-00C04F79EFBC}") = "ECommerce_App.DataAccess", "ECommerce_App.DataAccess\ECommerce_App.DataAccess.csproj", "{66E70FBE-AE15-450B-9C60-FF83207886EA}"
EndProject
Project("{FAE04EC0-301F-11D3-BF4B-00C04F79EFBC}") = "ECommerce_App.Models", "ECommerce_App.Models\ECommerce_App.Models.csproj", "{A04EABBA-B9F9-4EC4-87B7-3814652E121A}"
EndProject
Project("{FAE04EC0-301F-11D3-BF4B-00C04F79EFBC}") = "ECommerce_App.Utility", "ECommerce_App.Utility\ECommerce_App.Utility.csproj", "{05AAF880-591B-4EF2-9F0C-5A47E8F0316B}"
EndProject
Global
	GlobalSection(SolutionConfigurationPlatforms) = preSolution
		Debug|Any CPU = Debug|Any CPU
		Release|Any CPU = Release|Any CPU
	EndGlobalSection
	GlobalSection(ProjectConfigurationPlatforms) = postSolution
		{DDB5DC1C-43DD-44E6-8E76-BC901EE7818D}.Debug|Any CPU.ActiveCfg = Debug|Any CPU
		{DDB5DC1C-43DD-44E6-8E76-BC901EE7818D}.Debug|Any CPU.Build.0 = Debug|Any CPU
		{DDB5DC1C-43DD-44E6-8E76-BC901EE7818D}.Release|Any CPU.ActiveCfg = Release|Any CPU
		{DDB5DC1C-43DD-44E6-8E76-BC901EE7818D}.Release|Any CPU.Build.0 = Release|Any CPU
		{66E70FBE-AE15-450B-9C60-FF83207886EA}.Debug|Any CPU.ActiveCfg = Debug|Any CPU
		{66E70FBE-AE15-450B-9C60-FF83207886EA}.Debug|Any CPU.Build.0 = Debug|Any CPU
		{66E70FBE-AE15-450B-9C60-FF83207886EA}.Release|Any CPU.ActiveCfg = Release|Any CPU
		{66E70FBE-AE15-450B-9C60-FF83207886EA}.Release|Any CPU.Build.0 = Release|Any CPU
		{A04EABBA-B9F9-4EC4-87B7-3814652E121A}.Debug|Any CPU.ActiveCfg = Debug|Any CPU
		{A04EABBA-B9F9-4EC4-87B7-3814652E121A}.Debug|Any CPU.Build.0 = Debug|Any CPU
		{A04EABBA-B9F9-4EC4-87B7-3814652E121A}.Release|Any CPU.ActiveCfg = Release|Any CPU
		{A04EABBA-B9F9-4EC4-87B7-3814652E121A}.Release|Any CPU.Build.0 = Release|Any CPU
		{05AAF880-591B-4EF2-9F0C-5A47E8F0316B}.Debug|Any CPU.ActiveCfg = Debug|Any CPU
		{05AAF880-591B-4EF2-9F0C-5A47E8F0316B}.Debug|Any CPU.Build.0 = Debug|Any CPU
		{05AAF880-591B-4EF2-9F0C-5A47E8F0316B}.Release|Any CPU.ActiveCfg = Release|Any CPU
		{05AAF880-591B-4EF2-9F0C-5A47E8F0316B}.Release|Any CPU.Build.0 = Release|Any CPU
	EndGlobalSection
	GlobalSection(SolutionProperties) = preSolution
		HideSolutionNode = FALSE
	EndGlobalSection
	GlobalSection(ExtensibilityGlobals) = postSolution
		SolutionGuid = {8AD0747B-7282-4750-8F03-92787D875C20}
	EndGlobalSection
EndGlobal
